
Microsoft Visual Studio Solution File, Format Version 12.00
# Visual Studio Version 16
VisualStudioVersion = 16.0.31205.134
MinimumVisualStudioVersion = 10.0.40219.1
Project("{FAE04EC0-301F-11D3-BF4B-00C04F79EFBC}") = "SecretsSecurityAssignment.WebApi", "SecretsSecurityAssignment\SecretsSecurityAssignment.WebApi.csproj", "{F63CE63E-D4DC-4630-8B7C-5DB00D79059D}"
EndProject
Project("{FAE04EC0-301F-11D3-BF4B-00C04F79EFBC}") = "SecretsSecurityAssignment.Core", "SecretsSecurityAssignment.Core\SecretsSecurityAssignment.Core.csproj", "{751807C2-916D-4BDD-90D4-DBFA5D496444}"
EndProject
Project("{FAE04EC0-301F-11D3-BF4B-00C04F79EFBC}") = "SecretsSecurityAssignment.Service", "SecretsSecurityAssignment.Service\SecretsSecurityAssignment.Service.csproj", "{27B70A4D-8450-4CD3-BD73-83445E089EDD}"
EndProject
Project("{FAE04EC0-301F-11D3-BF4B-00C04F79EFBC}") = "SecretsSecurityAssignment.Data", "SecretsSecurityAssignment.Data\SecretsSecurityAssignment.Data.csproj", "{5D6E1798-A392-4885-B08D-F9F135DC667B}"
EndProject
Project("{FAE04EC0-301F-11D3-BF4B-00C04F79EFBC}") = "SecretsSecurityAssignment.Data.Service", "SecretsSecurityAssignment.Data.Service\SecretsSecurityAssignment.Data.Service.csproj", "{78ABD7A1-1D3A-4676-B3E8-639C64812F7A}"
EndProject
Global
	GlobalSection(SolutionConfigurationPlatforms) = preSolution
		Debug|Any CPU = Debug|Any CPU
		Release|Any CPU = Release|Any CPU
	EndGlobalSection
	GlobalSection(ProjectConfigurationPlatforms) = postSolution
		{F63CE63E-D4DC-4630-8B7C-5DB00D79059D}.Debug|Any CPU.ActiveCfg = Debug|Any CPU
		{F63CE63E-D4DC-4630-8B7C-5DB00D79059D}.Debug|Any CPU.Build.0 = Debug|Any CPU
		{F63CE63E-D4DC-4630-8B7C-5DB00D79059D}.Release|Any CPU.ActiveCfg = Release|Any CPU
		{F63CE63E-D4DC-4630-8B7C-5DB00D79059D}.Release|Any CPU.Build.0 = Release|Any CPU
		{751807C2-916D-4BDD-90D4-DBFA5D496444}.Debug|Any CPU.ActiveCfg = Debug|Any CPU
		{751807C2-916D-4BDD-90D4-DBFA5D496444}.Debug|Any CPU.Build.0 = Debug|Any CPU
		{751807C2-916D-4BDD-90D4-DBFA5D496444}.Release|Any CPU.ActiveCfg = Release|Any CPU
		{751807C2-916D-4BDD-90D4-DBFA5D496444}.Release|Any CPU.Build.0 = Release|Any CPU
		{27B70A4D-8450-4CD3-BD73-83445E089EDD}.Debug|Any CPU.ActiveCfg = Debug|Any CPU
		{27B70A4D-8450-4CD3-BD73-83445E089EDD}.Debug|Any CPU.Build.0 = Debug|Any CPU
		{27B70A4D-8450-4CD3-BD73-83445E089EDD}.Release|Any CPU.ActiveCfg = Release|Any CPU
		{27B70A4D-8450-4CD3-BD73-83445E089EDD}.Release|Any CPU.Build.0 = Release|Any CPU
		{5D6E1798-A392-4885-B08D-F9F135DC667B}.Debug|Any CPU.ActiveCfg = Debug|Any CPU
		{5D6E1798-A392-4885-B08D-F9F135DC667B}.Debug|Any CPU.Build.0 = Debug|Any CPU
		{5D6E1798-A392-4885-B08D-F9F135DC667B}.Release|Any CPU.ActiveCfg = Release|Any CPU
		{5D6E1798-A392-4885-B08D-F9F135DC667B}.Release|Any CPU.Build.0 = Release|Any CPU
		{78ABD7A1-1D3A-4676-B3E8-639C64812F7A}.Debug|Any CPU.ActiveCfg = Debug|Any CPU
		{78ABD7A1-1D3A-4676-B3E8-639C64812F7A}.Debug|Any CPU.Build.0 = Debug|Any CPU
		{78ABD7A1-1D3A-4676-B3E8-639C64812F7A}.Release|Any CPU.ActiveCfg = Release|Any CPU
		{78ABD7A1-1D3A-4676-B3E8-639C64812F7A}.Release|Any CPU.Build.0 = Release|Any CPU
	EndGlobalSection
	GlobalSection(SolutionProperties) = preSolution
		HideSolutionNode = FALSE
	EndGlobalSection
	GlobalSection(ExtensibilityGlobals) = postSolution
		SolutionGuid = {7CF6B17C-4D35-4A21-872F-98EFB350A822}
	EndGlobalSection
EndGlobal
